# This file is autogenerated, do not edit; changes may be undone by the next 'dep ensure'.


[[projects]]
  branch = "master"
  name = "github.com/graph-gophers/graphql-go"
  packages = [".","errors","internal/common","internal/exec","internal/exec/packer","internal/exec/resolvable","internal/exec/selected","internal/query","internal/schema","internal/validation","introspection","log","relay","trace"]
  revision = "9ebf33af539ab8cb832c7107bc0a978ca8dbc0de"

[[projects]]
  branch = "master"
  name = "github.com/jmoiron/sqlx"
  packages = [".","reflectx"]
  revision = "2aeb6a910c2b94f2d5eb53d9895d80e27264ec41"

[[projects]]
  name = "github.com/opentracing/opentracing-go"
  packages = [".","ext","log"]
  revision = "1949ddbfd147afd4d964a9f00b24eb291e0e7c38"
  version = "v1.0.2"

[[projects]]
  branch = "master"
  name = "golang.org/x/net"
  packages = ["context"]
  revision = "403019bfe6ed9ead9a45c35cfc2dd40e0c3788e2"

[solve-meta]
  analyzer-name = "dep"
  analyzer-version = 1
  inputs-digest = "7017e49bd2ef264d53283a7228ba699a68cc447926d65f5ec1a18267b5a78fcc"
  solver-name = "gps-cdcl"
  solver-version = 1
